
Microsoft Visual Studio Solution File, Format Version 12.00
# Visual Studio Version 17
VisualStudioVersion = 17.13.35931.197
MinimumVisualStudioVersion = 10.0.40219.1
Project("{8BC9CEB8-8B4A-11D0-8D11-00A0C91BC942}") = "[1] D3D_Test(9.10. ~ )", "3Q_D3D_Test(9.10. ~ )\3Q_D3D_Test(9.10. ~ ).vcxproj", "{2A1A8192-5F2F-4B4A-B541-640D21763F1D}"
EndProject
Project("{8BC9CEB8-8B4A-11D0-8D11-00A0C91BC942}") = "[0] D3DCore", "D3DCore\D3DCore.vcxproj", "{8B634B70-F789-4B54-8D7A-42BFEDD61AF1}"
EndProject
Project("{8BC9CEB8-8B4A-11D0-8D11-00A0C91BC942}") = "[2] Transform(09.17 ~ )", "Transform(09.17 ~ )\Transform(09.17 ~ ).vcxproj", "{DEE4AC5B-0D4F-4762-907D-5DF5595A7DB3}"
EndProject
Project("{8BC9CEB8-8B4A-11D0-8D11-00A0C91BC942}") = "[3] Directional Lighting(9.19 ~ )", "TextureMapping(9.19 ~ )\TextureMapping(9.19 ~ ).vcxproj", "{C51EE43C-1AAA-4E65-AA0B-144B54B3D407}"
EndProject
Project("{8BC9CEB8-8B4A-11D0-8D11-00A0C91BC942}") = "[4] SkyBox(9.25 ~ )", "SkyBox(9.25 ~ )\SkyBox(9.25 ~ ).vcxproj", "{FD00D629-C2BE-4BC4-8DF5-98E7BD00BCC0}"
EndProject
Project("{8BC9CEB8-8B4A-11D0-8D11-00A0C91BC942}") = "[5] BlinnPhong(9.29 ~ )", "BlinnPhong(9.29 ~ )\BlinnPhong(9.29 ~ ).vcxproj", "{D0E840DA-6389-4013-91DE-A2BAB1981509}"
EndProject
Project("{8BC9CEB8-8B4A-11D0-8D11-00A0C91BC942}") = "[6] NormalMap(9.30 ~ )", "NormalMap\NormalMap.vcxproj", "{728342BA-D7EE-4C54-8D88-726E5A46C4C4}"
EndProject
Project("{8BC9CEB8-8B4A-11D0-8D11-00A0C91BC942}") = "[7] StaticMesh", "StaticMesh\StaticMesh.vcxproj", "{0A8D309E-0932-4F0B-8E95-FFF7785B61B6}"
EndProject
Global
	GlobalSection(SolutionConfigurationPlatforms) = preSolution
		Debug|x64 = Debug|x64
		Debug|x86 = Debug|x86
		Release|x64 = Release|x64
		Release|x86 = Release|x86
	EndGlobalSection
	GlobalSection(ProjectConfigurationPlatforms) = postSolution
		{2A1A8192-5F2F-4B4A-B541-640D21763F1D}.Debug|x64.ActiveCfg = Debug|x64
		{2A1A8192-5F2F-4B4A-B541-640D21763F1D}.Debug|x64.Build.0 = Debug|x64
		{2A1A8192-5F2F-4B4A-B541-640D21763F1D}.Debug|x86.ActiveCfg = Debug|Win32
		{2A1A8192-5F2F-4B4A-B541-640D21763F1D}.Debug|x86.Build.0 = Debug|Win32
		{2A1A8192-5F2F-4B4A-B541-640D21763F1D}.Release|x64.ActiveCfg = Release|x64
		{2A1A8192-5F2F-4B4A-B541-640D21763F1D}.Release|x64.Build.0 = Release|x64
		{2A1A8192-5F2F-4B4A-B541-640D21763F1D}.Release|x86.ActiveCfg = Release|Win32
		{2A1A8192-5F2F-4B4A-B541-640D21763F1D}.Release|x86.Build.0 = Release|Win32
		{8B634B70-F789-4B54-8D7A-42BFEDD61AF1}.Debug|x64.ActiveCfg = Debug|x64
		{8B634B70-F789-4B54-8D7A-42BFEDD61AF1}.Debug|x64.Build.0 = Debug|x64
		{8B634B70-F789-4B54-8D7A-42BFEDD61AF1}.Debug|x86.ActiveCfg = Debug|Win32
		{8B634B70-F789-4B54-8D7A-42BFEDD61AF1}.Debug|x86.Build.0 = Debug|Win32
		{8B634B70-F789-4B54-8D7A-42BFEDD61AF1}.Release|x64.ActiveCfg = Release|x64
		{8B634B70-F789-4B54-8D7A-42BFEDD61AF1}.Release|x64.Build.0 = Release|x64
		{8B634B70-F789-4B54-8D7A-42BFEDD61AF1}.Release|x86.ActiveCfg = Release|Win32
		{8B634B70-F789-4B54-8D7A-42BFEDD61AF1}.Release|x86.Build.0 = Release|Win32
		{DEE4AC5B-0D4F-4762-907D-5DF5595A7DB3}.Debug|x64.ActiveCfg = Debug|x64
		{DEE4AC5B-0D4F-4762-907D-5DF5595A7DB3}.Debug|x64.Build.0 = Debug|x64
		{DEE4AC5B-0D4F-4762-907D-5DF5595A7DB3}.Debug|x86.ActiveCfg = Debug|Win32
		{DEE4AC5B-0D4F-4762-907D-5DF5595A7DB3}.Debug|x86.Build.0 = Debug|Win32
		{DEE4AC5B-0D4F-4762-907D-5DF5595A7DB3}.Release|x64.ActiveCfg = Release|x64
		{DEE4AC5B-0D4F-4762-907D-5DF5595A7DB3}.Release|x64.Build.0 = Release|x64
		{DEE4AC5B-0D4F-4762-907D-5DF5595A7DB3}.Release|x86.ActiveCfg = Release|Win32
		{DEE4AC5B-0D4F-4762-907D-5DF5595A7DB3}.Release|x86.Build.0 = Release|Win32
		{C51EE43C-1AAA-4E65-AA0B-144B54B3D407}.Debug|x64.ActiveCfg = Debug|x64
		{C51EE43C-1AAA-4E65-AA0B-144B54B3D407}.Debug|x64.Build.0 = Debug|x64
		{C51EE43C-1AAA-4E65-AA0B-144B54B3D407}.Debug|x86.ActiveCfg = Debug|Win32
		{C51EE43C-1AAA-4E65-AA0B-144B54B3D407}.Debug|x86.Build.0 = Debug|Win32
		{C51EE43C-1AAA-4E65-AA0B-144B54B3D407}.Release|x64.ActiveCfg = Release|x64
		{C51EE43C-1AAA-4E65-AA0B-144B54B3D407}.Release|x64.Build.0 = Release|x64
		{C51EE43C-1AAA-4E65-AA0B-144B54B3D407}.Release|x86.ActiveCfg = Release|Win32
		{C51EE43C-1AAA-4E65-AA0B-144B54B3D407}.Release|x86.Build.0 = Release|Win32
		{FD00D629-C2BE-4BC4-8DF5-98E7BD00BCC0}.Debug|x64.ActiveCfg = Debug|x64
		{FD00D629-C2BE-4BC4-8DF5-98E7BD00BCC0}.Debug|x64.Build.0 = Debug|x64
		{FD00D629-C2BE-4BC4-8DF5-98E7BD00BCC0}.Debug|x86.ActiveCfg = Debug|Win32
		{FD00D629-C2BE-4BC4-8DF5-98E7BD00BCC0}.Debug|x86.Build.0 = Debug|Win32
		{FD00D629-C2BE-4BC4-8DF5-98E7BD00BCC0}.Release|x64.ActiveCfg = Release|x64
		{FD00D629-C2BE-4BC4-8DF5-98E7BD00BCC0}.Release|x64.Build.0 = Release|x64
		{FD00D629-C2BE-4BC4-8DF5-98E7BD00BCC0}.Release|x86.ActiveCfg = Release|Win32
		{FD00D629-C2BE-4BC4-8DF5-98E7BD00BCC0}.Release|x86.Build.0 = Release|Win32
		{D0E840DA-6389-4013-91DE-A2BAB1981509}.Debug|x64.ActiveCfg = Debug|x64
		{D0E840DA-6389-4013-91DE-A2BAB1981509}.Debug|x64.Build.0 = Debug|x64
		{D0E840DA-6389-4013-91DE-A2BAB1981509}.Debug|x86.ActiveCfg = Debug|Win32
		{D0E840DA-6389-4013-91DE-A2BAB1981509}.Debug|x86.Build.0 = Debug|Win32
		{D0E840DA-6389-4013-91DE-A2BAB1981509}.Release|x64.ActiveCfg = Release|x64
		{D0E840DA-6389-4013-91DE-A2BAB1981509}.Release|x64.Build.0 = Release|x64
		{D0E840DA-6389-4013-91DE-A2BAB1981509}.Release|x86.ActiveCfg = Release|Win32
		{D0E840DA-6389-4013-91DE-A2BAB1981509}.Release|x86.Build.0 = Release|Win32
		{728342BA-D7EE-4C54-8D88-726E5A46C4C4}.Debug|x64.ActiveCfg = Debug|x64
		{728342BA-D7EE-4C54-8D88-726E5A46C4C4}.Debug|x64.Build.0 = Debug|x64
		{728342BA-D7EE-4C54-8D88-726E5A46C4C4}.Debug|x86.ActiveCfg = Debug|Win32
		{728342BA-D7EE-4C54-8D88-726E5A46C4C4}.Debug|x86.Build.0 = Debug|Win32
		{728342BA-D7EE-4C54-8D88-726E5A46C4C4}.Release|x64.ActiveCfg = Release|x64
		{728342BA-D7EE-4C54-8D88-726E5A46C4C4}.Release|x64.Build.0 = Release|x64
		{728342BA-D7EE-4C54-8D88-726E5A46C4C4}.Release|x86.ActiveCfg = Release|Win32
		{728342BA-D7EE-4C54-8D88-726E5A46C4C4}.Release|x86.Build.0 = Release|Win32
		{0A8D309E-0932-4F0B-8E95-FFF7785B61B6}.Debug|x64.ActiveCfg = Debug|x64
		{0A8D309E-0932-4F0B-8E95-FFF7785B61B6}.Debug|x64.Build.0 = Debug|x64
		{0A8D309E-0932-4F0B-8E95-FFF7785B61B6}.Debug|x86.ActiveCfg = Debug|Win32
		{0A8D309E-0932-4F0B-8E95-FFF7785B61B6}.Debug|x86.Build.0 = Debug|Win32
		{0A8D309E-0932-4F0B-8E95-FFF7785B61B6}.Release|x64.ActiveCfg = Release|x64
		{0A8D309E-0932-4F0B-8E95-FFF7785B61B6}.Release|x64.Build.0 = Release|x64
		{0A8D309E-0932-4F0B-8E95-FFF7785B61B6}.Release|x86.ActiveCfg = Release|Win32
		{0A8D309E-0932-4F0B-8E95-FFF7785B61B6}.Release|x86.Build.0 = Release|Win32
	EndGlobalSection
	GlobalSection(SolutionProperties) = preSolution
		HideSolutionNode = FALSE
	EndGlobalSection
	GlobalSection(ExtensibilityGlobals) = postSolution
		SolutionGuid = {8604C91B-2FF4-4F06-B933-8395B2C0A875}
	EndGlobalSection
EndGlobal
